// !$*UTF8*$!
{
	archiveVersion = 1;
	classes = {
	};
	objectVersion = 55;
	objects = {

/* Begin PBXBuildFile section */
		23181F6927757D5C00EFC1E4 /* Realm in Frameworks */ = {isa = PBXBuildFile; productRef = 23181F6827757D5C00EFC1E4 /* Realm */; };
		23181F6B27757D5C00EFC1E4 /* RealmSwift in Frameworks */ = {isa = PBXBuildFile; productRef = 23181F6A27757D5C00EFC1E4 /* RealmSwift */; };
		23439AE627BA464F00F79318 /* Zip in Frameworks */ = {isa = PBXBuildFile; productRef = 23439AE527BA464F00F79318 /* Zip */; };
		23EB989B27940EED006F7BB9 /* AverageStepCountManager.swift in Sources */ = {isa = PBXBuildFile; fileRef = 23EB989A27940EED006F7BB9 /* AverageStepCountManager.swift */; };
		2707947A27501D5D00CE532D /* Alamofire in Frameworks */ = {isa = PBXBuildFile; productRef = 2707947927501D5D00CE532D /* Alamofire */; };
		2707947F275038DD00CE532D /* OpenWeatherAPI.swift in Sources */ = {isa = PBXBuildFile; fileRef = 2707947E275038DD00CE532D /* OpenWeatherAPI.swift */; };
		2707F932276A345600EDCC10 /* GoogleService-Info.plist in Resources */ = {isa = PBXBuildFile; fileRef = 2707F931276A345500EDCC10 /* GoogleService-Info.plist */; };
		270CAE962753ED70004230A6 /* RealmManagerViewController.swift in Sources */ = {isa = PBXBuildFile; fileRef = 270CAE952753ED70004230A6 /* RealmManagerViewController.swift */; };
		270CAE9927546E37004230A6 /* TabBarViewModel.swift in Sources */ = {isa = PBXBuildFile; fileRef = 270CAE9827546E37004230A6 /* TabBarViewModel.swift */; };
		270D726E27465F05007ADC71 /* UIView+Extension.swift in Sources */ = {isa = PBXBuildFile; fileRef = 270D726D27465F05007ADC71 /* UIView+Extension.swift */; };
		270D727027466914007ADC71 /* UIColor+Extension.swift in Sources */ = {isa = PBXBuildFile; fileRef = 270D726F27466914007ADC71 /* UIColor+Extension.swift */; };
		27192756274AF09D00F26F8D /* IQKeyboardManagerSwift in Frameworks */ = {isa = PBXBuildFile; productRef = 27192755274AF09D00F26F8D /* IQKeyboardManagerSwift */; };
		2719275A274B8A1000F26F8D /* UIButton+Extension.swift in Sources */ = {isa = PBXBuildFile; fileRef = 27192759274B8A1000F26F8D /* UIButton+Extension.swift */; };
		272567D227562D77002F11CB /* SelectedTaskCollectionViewCell.swift in Sources */ = {isa = PBXBuildFile; fileRef = 272567D027562D77002F11CB /* SelectedTaskCollectionViewCell.swift */; };
		272567D327562D77002F11CB /* SelectedTaskCollectionViewCell.xib in Resources */ = {isa = PBXBuildFile; fileRef = 272567D127562D77002F11CB /* SelectedTaskCollectionViewCell.xib */; };
		272567D5275644B9002F11CB /* UIInt+Extension.swift in Sources */ = {isa = PBXBuildFile; fileRef = 272567D4275644B9002F11CB /* UIInt+Extension.swift */; };
		272567DB2756CCFF002F11CB /* WeatherInfo.plist in Resources */ = {isa = PBXBuildFile; fileRef = 272567DA2756CCFF002F11CB /* WeatherInfo.plist */; };
		272567DD2756CD50002F11CB /* MANBORANG++Bundle.swift in Sources */ = {isa = PBXBuildFile; fileRef = 272567DC2756CD50002F11CB /* MANBORANG++Bundle.swift */; };
		275D718C2757AFB800070234 /* Alert+Extension.swift in Sources */ = {isa = PBXBuildFile; fileRef = 275D718B2757AFB800070234 /* Alert+Extension.swift */; };
		275D718E2757B31700070234 /* WebKit.framework in Frameworks */ = {isa = PBXBuildFile; fileRef = 275D718D2757B31700070234 /* WebKit.framework */; };
		2780C5B32744F526004A0BE4 /* AppDelegate.swift in Sources */ = {isa = PBXBuildFile; fileRef = 2780C5B22744F526004A0BE4 /* AppDelegate.swift */; };
		2780C5B52744F526004A0BE4 /* SceneDelegate.swift in Sources */ = {isa = PBXBuildFile; fileRef = 2780C5B42744F526004A0BE4 /* SceneDelegate.swift */; };
		2780C5B72744F526004A0BE4 /* ViewController.swift in Sources */ = {isa = PBXBuildFile; fileRef = 2780C5B62744F526004A0BE4 /* ViewController.swift */; };
		2780C5BA2744F526004A0BE4 /* Main.storyboard in Resources */ = {isa = PBXBuildFile; fileRef = 2780C5B82744F526004A0BE4 /* Main.storyboard */; };
		2780C5BC2744F529004A0BE4 /* Assets.xcassets in Resources */ = {isa = PBXBuildFile; fileRef = 2780C5BB2744F529004A0BE4 /* Assets.xcassets */; };
		2780C5BF2744F529004A0BE4 /* LaunchScreen.storyboard in Resources */ = {isa = PBXBuildFile; fileRef = 2780C5BD2744F529004A0BE4 /* LaunchScreen.storyboard */; };
		278832932746DFDB007616EA /* Setting.storyboard in Resources */ = {isa = PBXBuildFile; fileRef = 278832922746DFDB007616EA /* Setting.storyboard */; };
		278832952746DFE8007616EA /* Calendar.storyboard in Resources */ = {isa = PBXBuildFile; fileRef = 278832942746DFE8007616EA /* Calendar.storyboard */; };
		278832972746EB04007616EA /* SettingViewController.swift in Sources */ = {isa = PBXBuildFile; fileRef = 278832962746EB04007616EA /* SettingViewController.swift */; };
		2788329A2746EFDF007616EA /* Localizable.strings in Resources */ = {isa = PBXBuildFile; fileRef = 2788329C2746EFDF007616EA /* Localizable.strings */; };
		278832A12746F1AE007616EA /* UIString+Extension.swift in Sources */ = {isa = PBXBuildFile; fileRef = 278832A02746F1AE007616EA /* UIString+Extension.swift */; };
		278832A32746F1E1007616EA /* LocalizableStrings.swift in Sources */ = {isa = PBXBuildFile; fileRef = 278832A22746F1E1007616EA /* LocalizableStrings.swift */; };
		278F747F27478D0400794E8D /* Camera.storyboard in Resources */ = {isa = PBXBuildFile; fileRef = 278F747E27478D0400794E8D /* Camera.storyboard */; };
		278F748127478D1600794E8D /* CameraViewController.swift in Sources */ = {isa = PBXBuildFile; fileRef = 278F748027478D1600794E8D /* CameraViewController.swift */; };
		278F748327478D6D00794E8D /* CalendarViewController.swift in Sources */ = {isa = PBXBuildFile; fileRef = 278F748227478D6D00794E8D /* CalendarViewController.swift */; };
		278F7487274797C900794E8D /* TabView.storyboard in Resources */ = {isa = PBXBuildFile; fileRef = 278F7486274797C900794E8D /* TabView.storyboard */; };
		278F74892747A2B600794E8D /* TabViewController.swift in Sources */ = {isa = PBXBuildFile; fileRef = 278F74882747A2B600794E8D /* TabViewController.swift */; };
		278F748D2747EA1E00794E8D /* Setting.strings in Resources */ = {isa = PBXBuildFile; fileRef = 278F748F2747EA1E00794E8D /* Setting.strings */; };
		278F74952747EFBA00794E8D /* InfoPlist.strings in Resources */ = {isa = PBXBuildFile; fileRef = 278F74972747EFBA00794E8D /* InfoPlist.strings */; };
		278F749D2748FC1900794E8D /* SideMenu in Frameworks */ = {isa = PBXBuildFile; productRef = 278F749C2748FC1900794E8D /* SideMenu */; };
		278F749F2748FC4300794E8D /* Onboarding.storyboard in Resources */ = {isa = PBXBuildFile; fileRef = 278F749E2748FC4300794E8D /* Onboarding.storyboard */; };
		278F74A12748FC5700794E8D /* OnboardingViewController.swift in Sources */ = {isa = PBXBuildFile; fileRef = 278F74A02748FC5700794E8D /* OnboardingViewController.swift */; };
		278F74A32749034400794E8D /* CustomSideMenuNavigationViewController.swift in Sources */ = {isa = PBXBuildFile; fileRef = 278F74A22749034400794E8D /* CustomSideMenuNavigationViewController.swift */; };
		278F74A5274969F400794E8D /* UIViewController+Extension.swift in Sources */ = {isa = PBXBuildFile; fileRef = 278F74A4274969F400794E8D /* UIViewController+Extension.swift */; };
		278F74A727496CB500794E8D /* UserDefaults+Extension.swift in Sources */ = {isa = PBXBuildFile; fileRef = 278F74A627496CB500794E8D /* UserDefaults+Extension.swift */; };
		278F74AC27497B5D00794E8D /* CalendarCollectionViewCell.swift in Sources */ = {isa = PBXBuildFile; fileRef = 278F74AB27497B5D00794E8D /* CalendarCollectionViewCell.swift */; };
		27A66655274C2A4900A63683 /* HealthKit.framework in Frameworks */ = {isa = PBXBuildFile; fileRef = 27A66654274C2A4900A63683 /* HealthKit.framework */; };
		27A6665D274D762200A63683 /* JTAppleCalendar in Frameworks */ = {isa = PBXBuildFile; productRef = 27A6665C274D762200A63683 /* JTAppleCalendar */; };
		27A66660274D81AC00A63683 /* DateCalendarViewCell.swift in Sources */ = {isa = PBXBuildFile; fileRef = 27A6665F274D81AC00A63683 /* DateCalendarViewCell.swift */; };
		27A66662274EB61C00A63683 /* manboManager.swift in Sources */ = {isa = PBXBuildFile; fileRef = 27A66661274EB61C00A63683 /* manboManager.swift */; };
		27A66664274EC6D600A63683 /* realmData.swift in Sources */ = {isa = PBXBuildFile; fileRef = 27A66663274EC6D600A63683 /* realmData.swift */; };
		27C6D67527586D6F009A7D4B /* Chat.storyboard in Resources */ = {isa = PBXBuildFile; fileRef = 27C6D67427586D6F009A7D4B /* Chat.storyboard */; };
		27C6D67927587A98009A7D4B /* ChatViewController.swift in Sources */ = {isa = PBXBuildFile; fileRef = 27C6D67827587A98009A7D4B /* ChatViewController.swift */; };
		27C6D67D2758F781009A7D4B /* SetNotiSetNotiPermission.storyboard in Resources */ = {isa = PBXBuildFile; fileRef = 27C6D67C2758F781009A7D4B /* SetNotiSetNotiPermission.storyboard */; };
		27C6D6812758F7F3009A7D4B /* SetNotiPermissionViewController.swift in Sources */ = {isa = PBXBuildFile; fileRef = 27C6D6802758F7F3009A7D4B /* SetNotiPermissionViewController.swift */; };
		27DC20AA275241380098E698 /* DateFormatter+Extension.swift in Sources */ = {isa = PBXBuildFile; fileRef = 27DC20A9275241380098E698 /* DateFormatter+Extension.swift */; };
		27DC20AF27524B410098E698 /* Date+Extension.swift in Sources */ = {isa = PBXBuildFile; fileRef = 27DC20AE27524B410098E698 /* Date+Extension.swift */; };
		27DC20B32752AA560098E698 /* HealthKit+Extenstion.swift in Sources */ = {isa = PBXBuildFile; fileRef = 27DC20B22752AA560098E698 /* HealthKit+Extenstion.swift */; };
		27EC33D327548C7B00C60C0F /* SettingBasicTableViewCell.swift in Sources */ = {isa = PBXBuildFile; fileRef = 27EC33D227548C7B00C60C0F /* SettingBasicTableViewCell.swift */; };
		27EC33D62754A60900C60C0F /* SettingTextViewController.swift in Sources */ = {isa = PBXBuildFile; fileRef = 27EC33D52754A60900C60C0F /* SettingTextViewController.swift */; };
		27EC33D82754A61F00C60C0F /* SettingText.storyboard in Resources */ = {isa = PBXBuildFile; fileRef = 27EC33D72754A61F00C60C0F /* SettingText.storyboard */; };
		27EC33DC2754BFEF00C60C0F /* SetName.storyboard in Resources */ = {isa = PBXBuildFile; fileRef = 27EC33DB2754BFEE00C60C0F /* SetName.storyboard */; };
		27EC33DE2754C0AA00C60C0F /* SetNameViewController.swift in Sources */ = {isa = PBXBuildFile; fileRef = 27EC33DD2754C0AA00C60C0F /* SetNameViewController.swift */; };
		27EC33E02754F10D00C60C0F /* UILabel+Extension.swift in Sources */ = {isa = PBXBuildFile; fileRef = 27EC33DF2754F10D00C60C0F /* UILabel+Extension.swift */; };
		27EC33E32754F59400C60C0F /* SetResetTime.storyboard in Resources */ = {isa = PBXBuildFile; fileRef = 27EC33E22754F59400C60C0F /* SetResetTime.storyboard */; };
		27EC33E52754F5B100C60C0F /* SetNotiTime.storyboard in Resources */ = {isa = PBXBuildFile; fileRef = 27EC33E42754F5B100C60C0F /* SetNotiTime.storyboard */; };
		27EC33E7275544B600C60C0F /* SetNotiViewController.swift in Sources */ = {isa = PBXBuildFile; fileRef = 27EC33E6275544B600C60C0F /* SetNotiViewController.swift */; };
		27EC33E92755451700C60C0F /* ResetTimeViewController.swift in Sources */ = {isa = PBXBuildFile; fileRef = 27EC33E82755451700C60C0F /* ResetTimeViewController.swift */; };
		27EC33ED2755566600C60C0F /* SetStepGoalViewController.swift in Sources */ = {isa = PBXBuildFile; fileRef = 27EC33EC2755566600C60C0F /* SetStepGoalViewController.swift */; };
		27EC33EF2755568600C60C0F /* SetStepGoal.storyboard in Resources */ = {isa = PBXBuildFile; fileRef = 27EC33EE2755568600C60C0F /* SetStepGoal.storyboard */; };
		27EC33F127557AA500C60C0F /* Notification+Extension.swift in Sources */ = {isa = PBXBuildFile; fileRef = 27EC33F027557AA500C60C0F /* Notification+Extension.swift */; };
		CDA5773014F234A52FE9778A /* Pods_Manbo.framework in Frameworks */ = {isa = PBXBuildFile; fileRef = 332A04A83F534A1D2C0BE5CF /* Pods_Manbo.framework */; };
/* End PBXBuildFile section */

/* Begin PBXFileReference section */
		23EB989A27940EED006F7BB9 /* AverageStepCountManager.swift */ = {isa = PBXFileReference; lastKnownFileType = sourcecode.swift; path = AverageStepCountManager.swift; sourceTree = "<group>"; };
		2707947E275038DD00CE532D /* OpenWeatherAPI.swift */ = {isa = PBXFileReference; lastKnownFileType = sourcecode.swift; path = OpenWeatherAPI.swift; sourceTree = "<group>"; };
		2707F931276A345500EDCC10 /* GoogleService-Info.plist */ = {isa = PBXFileReference; fileEncoding = 4; lastKnownFileType = text.plist.xml; path = "GoogleService-Info.plist"; sourceTree = "<group>"; };
		270CAE952753ED70004230A6 /* RealmManagerViewController.swift */ = {isa = PBXFileReference; lastKnownFileType = sourcecode.swift; path = RealmManagerViewController.swift; sourceTree = "<group>"; };
		270CAE9827546E37004230A6 /* TabBarViewModel.swift */ = {isa = PBXFileReference; lastKnownFileType = sourcecode.swift; path = TabBarViewModel.swift; sourceTree = "<group>"; };
		270D726D27465F05007ADC71 /* UIView+Extension.swift */ = {isa = PBXFileReference; lastKnownFileType = sourcecode.swift; path = "UIView+Extension.swift"; sourceTree = "<group>"; };
		270D726F27466914007ADC71 /* UIColor+Extension.swift */ = {isa = PBXFileReference; lastKnownFileType = sourcecode.swift; path = "UIColor+Extension.swift"; sourceTree = "<group>"; };
		27192759274B8A1000F26F8D /* UIButton+Extension.swift */ = {isa = PBXFileReference; lastKnownFileType = sourcecode.swift; path = "UIButton+Extension.swift"; sourceTree = "<group>"; };
		272567D027562D77002F11CB /* SelectedTaskCollectionViewCell.swift */ = {isa = PBXFileReference; lastKnownFileType = sourcecode.swift; path = SelectedTaskCollectionViewCell.swift; sourceTree = "<group>"; };
		272567D127562D77002F11CB /* SelectedTaskCollectionViewCell.xib */ = {isa = PBXFileReference; lastKnownFileType = file.xib; path = SelectedTaskCollectionViewCell.xib; sourceTree = "<group>"; };
		272567D4275644B9002F11CB /* UIInt+Extension.swift */ = {isa = PBXFileReference; lastKnownFileType = sourcecode.swift; path = "UIInt+Extension.swift"; sourceTree = "<group>"; };
		272567DA2756CCFF002F11CB /* WeatherInfo.plist */ = {isa = PBXFileReference; lastKnownFileType = text.plist.xml; path = WeatherInfo.plist; sourceTree = "<group>"; };
		272567DC2756CD50002F11CB /* MANBORANG++Bundle.swift */ = {isa = PBXFileReference; lastKnownFileType = sourcecode.swift; path = "MANBORANG++Bundle.swift"; sourceTree = "<group>"; };
		275D718B2757AFB800070234 /* Alert+Extension.swift */ = {isa = PBXFileReference; lastKnownFileType = sourcecode.swift; path = "Alert+Extension.swift"; sourceTree = "<group>"; };
		275D718D2757B31700070234 /* WebKit.framework */ = {isa = PBXFileReference; lastKnownFileType = wrapper.framework; name = WebKit.framework; path = System/Library/Frameworks/WebKit.framework; sourceTree = SDKROOT; };
		2780C5AF2744F526004A0BE4 /* Manbo.app */ = {isa = PBXFileReference; explicitFileType = wrapper.application; includeInIndex = 0; path = Manbo.app; sourceTree = BUILT_PRODUCTS_DIR; };
		2780C5B22744F526004A0BE4 /* AppDelegate.swift */ = {isa = PBXFileReference; lastKnownFileType = sourcecode.swift; path = AppDelegate.swift; sourceTree = "<group>"; };
		2780C5B42744F526004A0BE4 /* SceneDelegate.swift */ = {isa = PBXFileReference; lastKnownFileType = sourcecode.swift; path = SceneDelegate.swift; sourceTree = "<group>"; };
		2780C5B62744F526004A0BE4 /* ViewController.swift */ = {isa = PBXFileReference; lastKnownFileType = sourcecode.swift; path = ViewController.swift; sourceTree = "<group>"; };
		2780C5B92744F526004A0BE4 /* Base */ = {isa = PBXFileReference; lastKnownFileType = file.storyboard; name = Base; path = Base.lproj/Main.storyboard; sourceTree = "<group>"; };
		2780C5BB2744F529004A0BE4 /* Assets.xcassets */ = {isa = PBXFileReference; lastKnownFileType = folder.assetcatalog; path = Assets.xcassets; sourceTree = "<group>"; };
		2780C5BE2744F529004A0BE4 /* Base */ = {isa = PBXFileReference; lastKnownFileType = file.storyboard; name = Base; path = Base.lproj/LaunchScreen.storyboard; sourceTree = "<group>"; };
		2780C5C02744F529004A0BE4 /* Info.plist */ = {isa = PBXFileReference; lastKnownFileType = text.plist.xml; path = Info.plist; sourceTree = "<group>"; };
		278832922746DFDB007616EA /* Setting.storyboard */ = {isa = PBXFileReference; lastKnownFileType = file.storyboard; path = Setting.storyboard; sourceTree = "<group>"; };
		278832942746DFE8007616EA /* Calendar.storyboard */ = {isa = PBXFileReference; lastKnownFileType = file.storyboard; path = Calendar.storyboard; sourceTree = "<group>"; };
		278832962746EB04007616EA /* SettingViewController.swift */ = {isa = PBXFileReference; lastKnownFileType = sourcecode.swift; path = SettingViewController.swift; sourceTree = "<group>"; };
		2788329B2746EFDF007616EA /* en */ = {isa = PBXFileReference; lastKnownFileType = text.plist.strings; name = en; path = en.lproj/Localizable.strings; sourceTree = "<group>"; };
		2788329D2746F035007616EA /* ko */ = {isa = PBXFileReference; lastKnownFileType = text.plist.strings; name = ko; path = ko.lproj/LaunchScreen.strings; sourceTree = "<group>"; };
		2788329E2746F035007616EA /* ko */ = {isa = PBXFileReference; lastKnownFileType = text.plist.strings; name = ko; path = ko.lproj/Main.strings; sourceTree = "<group>"; };
		2788329F2746F035007616EA /* ko */ = {isa = PBXFileReference; lastKnownFileType = text.plist.strings; name = ko; path = ko.lproj/Localizable.strings; sourceTree = "<group>"; };
		278832A02746F1AE007616EA /* UIString+Extension.swift */ = {isa = PBXFileReference; lastKnownFileType = sourcecode.swift; path = "UIString+Extension.swift"; sourceTree = "<group>"; };
		278832A22746F1E1007616EA /* LocalizableStrings.swift */ = {isa = PBXFileReference; lastKnownFileType = sourcecode.swift; path = LocalizableStrings.swift; sourceTree = "<group>"; };
		278832A52746F59B007616EA /* en */ = {isa = PBXFileReference; lastKnownFileType = text.plist.strings; name = en; path = en.lproj/Main.strings; sourceTree = "<group>"; };
		278F747E27478D0400794E8D /* Camera.storyboard */ = {isa = PBXFileReference; lastKnownFileType = file.storyboard; path = Camera.storyboard; sourceTree = "<group>"; };
		278F748027478D1600794E8D /* CameraViewController.swift */ = {isa = PBXFileReference; lastKnownFileType = sourcecode.swift; path = CameraViewController.swift; sourceTree = "<group>"; };
		278F748227478D6D00794E8D /* CalendarViewController.swift */ = {isa = PBXFileReference; lastKnownFileType = sourcecode.swift; path = CalendarViewController.swift; sourceTree = "<group>"; };
		278F7486274797C900794E8D /* TabView.storyboard */ = {isa = PBXFileReference; lastKnownFileType = file.storyboard; path = TabView.storyboard; sourceTree = "<group>"; };
		278F74882747A2B600794E8D /* TabViewController.swift */ = {isa = PBXFileReference; lastKnownFileType = sourcecode.swift; path = TabViewController.swift; sourceTree = "<group>"; };
		278F748E2747EA1E00794E8D /* en */ = {isa = PBXFileReference; lastKnownFileType = text.plist.strings; name = en; path = en.lproj/Setting.strings; sourceTree = "<group>"; };
		278F74902747EA1F00794E8D /* ko */ = {isa = PBXFileReference; lastKnownFileType = text.plist.strings; name = ko; path = ko.lproj/Setting.strings; sourceTree = "<group>"; };
		278F74962747EFBA00794E8D /* en */ = {isa = PBXFileReference; lastKnownFileType = text.plist.strings; name = en; path = en.lproj/InfoPlist.strings; sourceTree = "<group>"; };
		278F74982747EFBC00794E8D /* ko */ = {isa = PBXFileReference; lastKnownFileType = text.plist.strings; name = ko; path = ko.lproj/InfoPlist.strings; sourceTree = "<group>"; };
		278F749E2748FC4300794E8D /* Onboarding.storyboard */ = {isa = PBXFileReference; lastKnownFileType = file.storyboard; path = Onboarding.storyboard; sourceTree = "<group>"; };
		278F74A02748FC5700794E8D /* OnboardingViewController.swift */ = {isa = PBXFileReference; lastKnownFileType = sourcecode.swift; path = OnboardingViewController.swift; sourceTree = "<group>"; };
		278F74A22749034400794E8D /* CustomSideMenuNavigationViewController.swift */ = {isa = PBXFileReference; lastKnownFileType = sourcecode.swift; path = CustomSideMenuNavigationViewController.swift; sourceTree = "<group>"; };
		278F74A4274969F400794E8D /* UIViewController+Extension.swift */ = {isa = PBXFileReference; lastKnownFileType = sourcecode.swift; path = "UIViewController+Extension.swift"; sourceTree = "<group>"; };
		278F74A627496CB500794E8D /* UserDefaults+Extension.swift */ = {isa = PBXFileReference; lastKnownFileType = sourcecode.swift; path = "UserDefaults+Extension.swift"; sourceTree = "<group>"; };
		278F74AB27497B5D00794E8D /* CalendarCollectionViewCell.swift */ = {isa = PBXFileReference; lastKnownFileType = sourcecode.swift; name = CalendarCollectionViewCell.swift; path = Manbo/Views/CalendarCollectionViewCell.swift; sourceTree = SOURCE_ROOT; };
		27A66653274C2A4900A63683 /* ManboDebug.entitlements */ = {isa = PBXFileReference; lastKnownFileType = text.plist.entitlements; path = ManboDebug.entitlements; sourceTree = "<group>"; };
		27A66654274C2A4900A63683 /* HealthKit.framework */ = {isa = PBXFileReference; lastKnownFileType = wrapper.framework; name = HealthKit.framework; path = System/Library/Frameworks/HealthKit.framework; sourceTree = SDKROOT; };
		27A6665F274D81AC00A63683 /* DateCalendarViewCell.swift */ = {isa = PBXFileReference; lastKnownFileType = sourcecode.swift; path = DateCalendarViewCell.swift; sourceTree = "<group>"; };
		27A66661274EB61C00A63683 /* manboManager.swift */ = {isa = PBXFileReference; lastKnownFileType = sourcecode.swift; path = manboManager.swift; sourceTree = "<group>"; };
		27A66663274EC6D600A63683 /* realmData.swift */ = {isa = PBXFileReference; lastKnownFileType = sourcecode.swift; path = realmData.swift; sourceTree = "<group>"; };
		27C6D67427586D6F009A7D4B /* Chat.storyboard */ = {isa = PBXFileReference; lastKnownFileType = file.storyboard; path = Chat.storyboard; sourceTree = "<group>"; };
		27C6D67827587A98009A7D4B /* ChatViewController.swift */ = {isa = PBXFileReference; lastKnownFileType = sourcecode.swift; path = ChatViewController.swift; sourceTree = "<group>"; };
		27C6D67A2758C01B009A7D4B /* Manbo.entitlements */ = {isa = PBXFileReference; lastKnownFileType = text.plist.entitlements; path = Manbo.entitlements; sourceTree = "<group>"; };
		27C6D67B2758C039009A7D4B /* ManboRelease.entitlements */ = {isa = PBXFileReference; lastKnownFileType = text.plist.entitlements; path = ManboRelease.entitlements; sourceTree = "<group>"; };
		27C6D67C2758F781009A7D4B /* SetNotiSetNotiPermission.storyboard */ = {isa = PBXFileReference; lastKnownFileType = file.storyboard; path = SetNotiSetNotiPermission.storyboard; sourceTree = "<group>"; };
		27C6D6802758F7F3009A7D4B /* SetNotiPermissionViewController.swift */ = {isa = PBXFileReference; lastKnownFileType = sourcecode.swift; path = SetNotiPermissionViewController.swift; sourceTree = "<group>"; };
		27DC20A9275241380098E698 /* DateFormatter+Extension.swift */ = {isa = PBXFileReference; lastKnownFileType = sourcecode.swift; path = "DateFormatter+Extension.swift"; sourceTree = "<group>"; };
		27DC20AE27524B410098E698 /* Date+Extension.swift */ = {isa = PBXFileReference; lastKnownFileType = sourcecode.swift; path = "Date+Extension.swift"; sourceTree = "<group>"; };
		27DC20B22752AA560098E698 /* HealthKit+Extenstion.swift */ = {isa = PBXFileReference; lastKnownFileType = sourcecode.swift; path = "HealthKit+Extenstion.swift"; sourceTree = "<group>"; };
		27EC33D227548C7B00C60C0F /* SettingBasicTableViewCell.swift */ = {isa = PBXFileReference; lastKnownFileType = sourcecode.swift; path = SettingBasicTableViewCell.swift; sourceTree = "<group>"; };
		27EC33D52754A60900C60C0F /* SettingTextViewController.swift */ = {isa = PBXFileReference; lastKnownFileType = sourcecode.swift; path = SettingTextViewController.swift; sourceTree = "<group>"; };
		27EC33D72754A61F00C60C0F /* SettingText.storyboard */ = {isa = PBXFileReference; lastKnownFileType = file.storyboard; path = SettingText.storyboard; sourceTree = "<group>"; };
		27EC33DB2754BFEE00C60C0F /* SetName.storyboard */ = {isa = PBXFileReference; lastKnownFileType = file.storyboard; path = SetName.storyboard; sourceTree = "<group>"; };
		27EC33DD2754C0AA00C60C0F /* SetNameViewController.swift */ = {isa = PBXFileReference; lastKnownFileType = sourcecode.swift; path = SetNameViewController.swift; sourceTree = "<group>"; };
		27EC33DF2754F10D00C60C0F /* UILabel+Extension.swift */ = {isa = PBXFileReference; lastKnownFileType = sourcecode.swift; path = "UILabel+Extension.swift"; sourceTree = "<group>"; };
		27EC33E22754F59400C60C0F /* SetResetTime.storyboard */ = {isa = PBXFileReference; lastKnownFileType = file.storyboard; path = SetResetTime.storyboard; sourceTree = "<group>"; };
		27EC33E42754F5B100C60C0F /* SetNotiTime.storyboard */ = {isa = PBXFileReference; lastKnownFileType = file.storyboard; path = SetNotiTime.storyboard; sourceTree = "<group>"; };
		27EC33E6275544B600C60C0F /* SetNotiViewController.swift */ = {isa = PBXFileReference; lastKnownFileType = sourcecode.swift; path = SetNotiViewController.swift; sourceTree = "<group>"; };
		27EC33E82755451700C60C0F /* ResetTimeViewController.swift */ = {isa = PBXFileReference; lastKnownFileType = sourcecode.swift; path = ResetTimeViewController.swift; sourceTree = "<group>"; };
		27EC33EC2755566600C60C0F /* SetStepGoalViewController.swift */ = {isa = PBXFileReference; lastKnownFileType = sourcecode.swift; name = SetStepGoalViewController.swift; path = Manbo/Controller/SetStepGoalViewController.swift; sourceTree = SOURCE_ROOT; };
		27EC33EE2755568600C60C0F /* SetStepGoal.storyboard */ = {isa = PBXFileReference; lastKnownFileType = file.storyboard; path = SetStepGoal.storyboard; sourceTree = "<group>"; };
		27EC33F027557AA500C60C0F /* Notification+Extension.swift */ = {isa = PBXFileReference; lastKnownFileType = sourcecode.swift; path = "Notification+Extension.swift"; sourceTree = "<group>"; };
		332A04A83F534A1D2C0BE5CF /* Pods_Manbo.framework */ = {isa = PBXFileReference; explicitFileType = wrapper.framework; includeInIndex = 0; path = Pods_Manbo.framework; sourceTree = BUILT_PRODUCTS_DIR; };
		63989511DEC89B81D70DF8EB /* Pods-Manbo.release.xcconfig */ = {isa = PBXFileReference; includeInIndex = 1; lastKnownFileType = text.xcconfig; name = "Pods-Manbo.release.xcconfig"; path = "Target Support Files/Pods-Manbo/Pods-Manbo.release.xcconfig"; sourceTree = "<group>"; };
		CB37EBF10D312A68E856D524 /* Pods-Manbo.debug.xcconfig */ = {isa = PBXFileReference; includeInIndex = 1; lastKnownFileType = text.xcconfig; name = "Pods-Manbo.debug.xcconfig"; path = "Target Support Files/Pods-Manbo/Pods-Manbo.debug.xcconfig"; sourceTree = "<group>"; };
/* End PBXFileReference section */

/* Begin PBXFrameworksBuildPhase section */
		2780C5AC2744F526004A0BE4 /* Frameworks */ = {
			isa = PBXFrameworksBuildPhase;
			buildActionMask = 2147483647;
			files = (
				275D718E2757B31700070234 /* WebKit.framework in Frameworks */,
				2707947A27501D5D00CE532D /* Alamofire in Frameworks */,
				278F749D2748FC1900794E8D /* SideMenu in Frameworks */,
				23181F6B27757D5C00EFC1E4 /* RealmSwift in Frameworks */,
				23439AE627BA464F00F79318 /* Zip in Frameworks */,
				27A6665D274D762200A63683 /* JTAppleCalendar in Frameworks */,
				27A66655274C2A4900A63683 /* HealthKit.framework in Frameworks */,
				27192756274AF09D00F26F8D /* IQKeyboardManagerSwift in Frameworks */,
				23181F6927757D5C00EFC1E4 /* Realm in Frameworks */,
				CDA5773014F234A52FE9778A /* Pods_Manbo.framework in Frameworks */,
			);
			runOnlyForDeploymentPostprocessing = 0;
		};
/* End PBXFrameworksBuildPhase section */

/* Begin PBXGroup section */
		234DC38C27ACD83A00132A36 /* API */ = {
			isa = PBXGroup;
			children = (
				2707947E275038DD00CE532D /* OpenWeatherAPI.swift */,
			);
			path = API;
			sourceTree = "<group>";
		};
		2707947B2750387B00CE532D /* APIKEYS */ = {
			isa = PBXGroup;
			children = (
				272567DC2756CD50002F11CB /* MANBORANG++Bundle.swift */,
			);
			path = APIKEYS;
			sourceTree = "<group>";
		};
		270D726927465EB6007ADC71 /* Views */ = {
			isa = PBXGroup;
			children = (
				278F74BB274AC6A600794E8D /* Onboarding& */,
				2780C5BD2744F529004A0BE4 /* LaunchScreen.storyboard */,
				278F7486274797C900794E8D /* TabView.storyboard */,
				2780C5B82744F526004A0BE4 /* Main.storyboard */,
				278832942746DFE8007616EA /* Calendar.storyboard */,
				270CAE9827546E37004230A6 /* TabBarViewModel.swift */,
				278F747E27478D0400794E8D /* Camera.storyboard */,
				278832922746DFDB007616EA /* Setting.storyboard */,
				27EC33D72754A61F00C60C0F /* SettingText.storyboard */,
				27A6665F274D81AC00A63683 /* DateCalendarViewCell.swift */,
				27EC33D227548C7B00C60C0F /* SettingBasicTableViewCell.swift */,
				272567D027562D77002F11CB /* SelectedTaskCollectionViewCell.swift */,
				272567D127562D77002F11CB /* SelectedTaskCollectionViewCell.xib */,
				27C6D67427586D6F009A7D4B /* Chat.storyboard */,
			);
			path = Views;
			sourceTree = "<group>";
		};
		270D726A27465EC2007ADC71 /* Controller */ = {
			isa = PBXGroup;
			children = (
				278F74882747A2B600794E8D /* TabViewController.swift */,
				2780C5B62744F526004A0BE4 /* ViewController.swift */,
				278F748027478D1600794E8D /* CameraViewController.swift */,
				278832962746EB04007616EA /* SettingViewController.swift */,
				278F748227478D6D00794E8D /* CalendarViewController.swift */,
				23EB989A27940EED006F7BB9 /* AverageStepCountManager.swift */,
				278F74AB27497B5D00794E8D /* CalendarCollectionViewCell.swift */,
				278F74A22749034400794E8D /* CustomSideMenuNavigationViewController.swift */,
				270CAE952753ED70004230A6 /* RealmManagerViewController.swift */,
				27EC33D52754A60900C60C0F /* SettingTextViewController.swift */,
				27EC33E6275544B600C60C0F /* SetNotiViewController.swift */,
				27EC33E82755451700C60C0F /* ResetTimeViewController.swift */,
				27C6D6802758F7F3009A7D4B /* SetNotiPermissionViewController.swift */,
				27EC33DD2754C0AA00C60C0F /* SetNameViewController.swift */,
				27C6D67827587A98009A7D4B /* ChatViewController.swift */,
				278F74A02748FC5700794E8D /* OnboardingViewController.swift */,
				27EC33EC2755566600C60C0F /* SetStepGoalViewController.swift */,
			);
			path = Controller;
			sourceTree = "<group>";
		};
		270D726B27465EC9007ADC71 /* Extension */ = {
			isa = PBXGroup;
			children = (
				278832A02746F1AE007616EA /* UIString+Extension.swift */,
				270D726D27465F05007ADC71 /* UIView+Extension.swift */,
				270D726F27466914007ADC71 /* UIColor+Extension.swift */,
				278F74A4274969F400794E8D /* UIViewController+Extension.swift */,
				27192759274B8A1000F26F8D /* UIButton+Extension.swift */,
				27DC20A9275241380098E698 /* DateFormatter+Extension.swift */,
				27DC20B22752AA560098E698 /* HealthKit+Extenstion.swift */,
				27DC20AE27524B410098E698 /* Date+Extension.swift */,
				27EC33DF2754F10D00C60C0F /* UILabel+Extension.swift */,
				27EC33F027557AA500C60C0F /* Notification+Extension.swift */,
				272567D4275644B9002F11CB /* UIInt+Extension.swift */,
				275D718B2757AFB800070234 /* Alert+Extension.swift */,
			);
			path = Extension;
			sourceTree = "<group>";
		};
		270D726C27465EE1007ADC71 /* Support */ = {
			isa = PBXGroup;
			children = (
				2780C5B22744F526004A0BE4 /* AppDelegate.swift */,
				2780C5B42744F526004A0BE4 /* SceneDelegate.swift */,
			);
			path = Support;
			sourceTree = "<group>";
		};
		2780C5A62744F526004A0BE4 = {
			isa = PBXGroup;
			children = (
				2780C5B12744F526004A0BE4 /* Manbo */,
				2780C5B02744F526004A0BE4 /* Products */,
				33ABD6F044B2651CDB0AC97F /* Pods */,
				D0B6A4650FE09D4490357B70 /* Frameworks */,
			);
			sourceTree = "<group>";
		};
		2780C5B02744F526004A0BE4 /* Products */ = {
			isa = PBXGroup;
			children = (
				2780C5AF2744F526004A0BE4 /* Manbo.app */,
			);
			name = Products;
			sourceTree = "<group>";
		};
		2780C5B12744F526004A0BE4 /* Manbo */ = {
			isa = PBXGroup;
			children = (
				2707F931276A345500EDCC10 /* GoogleService-Info.plist */,
				27C6D67B2758C039009A7D4B /* ManboRelease.entitlements */,
				27C6D67A2758C01B009A7D4B /* Manbo.entitlements */,
				27A66653274C2A4900A63683 /* ManboDebug.entitlements */,
				2707947B2750387B00CE532D /* APIKEYS */,
				272567DA2756CCFF002F11CB /* WeatherInfo.plist */,
				278F748C2747EA0600794E8D /* Localization */,
				234DC38C27ACD83A00132A36 /* API */,
				278F74A82749701100794E8D /* Models */,
				270D726C27465EE1007ADC71 /* Support */,
				270D726B27465EC9007ADC71 /* Extension */,
				270D726A27465EC2007ADC71 /* Controller */,
				270D726927465EB6007ADC71 /* Views */,
				2780C5C02744F529004A0BE4 /* Info.plist */,
				2780C5BB2744F529004A0BE4 /* Assets.xcassets */,
			);
			path = Manbo;
			sourceTree = "<group>";
		};
		278F748C2747EA0600794E8D /* Localization */ = {
			isa = PBXGroup;
			children = (
				278832A22746F1E1007616EA /* LocalizableStrings.swift */,
				278F74972747EFBA00794E8D /* InfoPlist.strings */,
				2788329C2746EFDF007616EA /* Localizable.strings */,
				278F748F2747EA1E00794E8D /* Setting.strings */,
			);
			path = Localization;
			sourceTree = "<group>";
		};
		278F74A82749701100794E8D /* Models */ = {
			isa = PBXGroup;
			children = (
				27A66661274EB61C00A63683 /* manboManager.swift */,
				27A66663274EC6D600A63683 /* realmData.swift */,
				278F74A627496CB500794E8D /* UserDefaults+Extension.swift */,
			);
			path = Models;
			sourceTree = "<group>";
		};
		278F74BB274AC6A600794E8D /* Onboarding& */ = {
			isa = PBXGroup;
			children = (
				27EC33E42754F5B100C60C0F /* SetNotiTime.storyboard */,
				27EC33E22754F59400C60C0F /* SetResetTime.storyboard */,
				278F749E2748FC4300794E8D /* Onboarding.storyboard */,
				27EC33DB2754BFEE00C60C0F /* SetName.storyboard */,
				27EC33EE2755568600C60C0F /* SetStepGoal.storyboard */,
				27C6D67C2758F781009A7D4B /* SetNotiSetNotiPermission.storyboard */,
			);
			path = "Onboarding&";
			sourceTree = "<group>";
		};
		33ABD6F044B2651CDB0AC97F /* Pods */ = {
			isa = PBXGroup;
			children = (
				CB37EBF10D312A68E856D524 /* Pods-Manbo.debug.xcconfig */,
				63989511DEC89B81D70DF8EB /* Pods-Manbo.release.xcconfig */,
			);
			path = Pods;
			sourceTree = "<group>";
		};
		D0B6A4650FE09D4490357B70 /* Frameworks */ = {
			isa = PBXGroup;
			children = (
				275D718D2757B31700070234 /* WebKit.framework */,
				27A66654274C2A4900A63683 /* HealthKit.framework */,
				332A04A83F534A1D2C0BE5CF /* Pods_Manbo.framework */,
			);
			name = Frameworks;
			sourceTree = "<group>";
		};
/* End PBXGroup section */

/* Begin PBXNativeTarget section */
		2780C5AE2744F526004A0BE4 /* Manbo */ = {
			isa = PBXNativeTarget;
			buildConfigurationList = 2780C5C32744F529004A0BE4 /* Build configuration list for PBXNativeTarget "Manbo" */;
			buildPhases = (
				5FDF23222E2A0F2A5C60DB7D /* [CP] Check Pods Manifest.lock */,
				2780C5AB2744F526004A0BE4 /* Sources */,
				2780C5AC2744F526004A0BE4 /* Frameworks */,
				2780C5AD2744F526004A0BE4 /* Resources */,
				270CD2F1275F258D00A31E2B /* ShellScript */,
				E87044997CF5371BCC660D5B /* [CP] Embed Pods Frameworks */,
			);
			buildRules = (
			);
			dependencies = (
			);
			name = Manbo;
			packageProductDependencies = (
				278F749C2748FC1900794E8D /* SideMenu */,
				27192755274AF09D00F26F8D /* IQKeyboardManagerSwift */,
				27A6665C274D762200A63683 /* JTAppleCalendar */,
				2707947927501D5D00CE532D /* Alamofire */,
				23181F6827757D5C00EFC1E4 /* Realm */,
				23181F6A27757D5C00EFC1E4 /* RealmSwift */,
				23439AE527BA464F00F79318 /* Zip */,
			);
			productName = Manbo;
			productReference = 2780C5AF2744F526004A0BE4 /* Manbo.app */;
			productType = "com.apple.product-type.application";
		};
/* End PBXNativeTarget section */

/* Begin PBXProject section */
		2780C5A72744F526004A0BE4 /* Project object */ = {
			isa = PBXProject;
			attributes = {
				BuildIndependentTargetsInParallel = 1;
				LastSwiftUpdateCheck = 1300;
				LastUpgradeCheck = 1300;
				TargetAttributes = {
					2780C5AE2744F526004A0BE4 = {
						CreatedOnToolsVersion = 13.0;
					};
				};
			};
			buildConfigurationList = 2780C5AA2744F526004A0BE4 /* Build configuration list for PBXProject "Manbo" */;
			compatibilityVersion = "Xcode 13.0";
			developmentRegion = en;
			hasScannedForEncodings = 0;
			knownRegions = (
				en,
				Base,
				ko,
			);
			mainGroup = 2780C5A62744F526004A0BE4;
			packageReferences = (
				278F749B2748FC1900794E8D /* XCRemoteSwiftPackageReference "SideMenu" */,
				27192754274AF09D00F26F8D /* XCRemoteSwiftPackageReference "IQKeyboardManager" */,
				27A6665B274D762200A63683 /* XCRemoteSwiftPackageReference "JTAppleCalendar" */,
				2707947827501D5D00CE532D /* XCRemoteSwiftPackageReference "Alamofire" */,
				23181F6727757D5C00EFC1E4 /* XCRemoteSwiftPackageReference "realm-swift" */,
				23439AE427BA464F00F79318 /* XCRemoteSwiftPackageReference "Zip" */,
			);
			productRefGroup = 2780C5B02744F526004A0BE4 /* Products */;
			projectDirPath = "";
			projectRoot = "";
			targets = (
				2780C5AE2744F526004A0BE4 /* Manbo */,
			);
		};
/* End PBXProject section */

/* Begin PBXResourcesBuildPhase section */
		2780C5AD2744F526004A0BE4 /* Resources */ = {
			isa = PBXResourcesBuildPhase;
			buildActionMask = 2147483647;
			files = (
				278F749F2748FC4300794E8D /* Onboarding.storyboard in Resources */,
				2780C5BF2744F529004A0BE4 /* LaunchScreen.storyboard in Resources */,
				272567DB2756CCFF002F11CB /* WeatherInfo.plist in Resources */,
				278F747F27478D0400794E8D /* Camera.storyboard in Resources */,
				2788329A2746EFDF007616EA /* Localizable.strings in Resources */,
				27EC33DC2754BFEF00C60C0F /* SetName.storyboard in Resources */,
				27EC33E52754F5B100C60C0F /* SetNotiTime.storyboard in Resources */,
				272567D327562D77002F11CB /* SelectedTaskCollectionViewCell.xib in Resources */,
				2707F932276A345600EDCC10 /* GoogleService-Info.plist in Resources */,
				278F7487274797C900794E8D /* TabView.storyboard in Resources */,
				278F748D2747EA1E00794E8D /* Setting.strings in Resources */,
				2780C5BC2744F529004A0BE4 /* Assets.xcassets in Resources */,
				2780C5BA2744F526004A0BE4 /* Main.storyboard in Resources */,
				27C6D67527586D6F009A7D4B /* Chat.storyboard in Resources */,
				278832932746DFDB007616EA /* Setting.storyboard in Resources */,
				27EC33E32754F59400C60C0F /* SetResetTime.storyboard in Resources */,
				278832952746DFE8007616EA /* Calendar.storyboard in Resources */,
				27EC33D82754A61F00C60C0F /* SettingText.storyboard in Resources */,
				27C6D67D2758F781009A7D4B /* SetNotiSetNotiPermission.storyboard in Resources */,
				27EC33EF2755568600C60C0F /* SetStepGoal.storyboard in Resources */,
				278F74952747EFBA00794E8D /* InfoPlist.strings in Resources */,
			);
			runOnlyForDeploymentPostprocessing = 0;
		};
/* End PBXResourcesBuildPhase section */

/* Begin PBXShellScriptBuildPhase section */
		270CD2F1275F258D00A31E2B /* ShellScript */ = {
			isa = PBXShellScriptBuildPhase;
			buildActionMask = 2147483647;
			files = (
			);
			inputFileListPaths = (
			);
			inputPaths = (
				"${DWARF_DSYM_FOLDER_PATH}/${DWARF_DSYM_FILE_NAME}/Contents/Resources/DWARF/${TARGET_NAME}",
				"$(SRCROOT)/$(BUILT_PRODUCTS_DIR)/$(INFOPLIST_PATH)",
			);
			outputFileListPaths = (
			);
			outputPaths = (
			);
			runOnlyForDeploymentPostprocessing = 0;
			shellPath = /bin/sh;
			shellScript = "# Type a script or drag a script file from your workspace to insert its path.\n\"${PODS_ROOT}/FirebaseCrashlytics/run\"\n";
		};
		5FDF23222E2A0F2A5C60DB7D /* [CP] Check Pods Manifest.lock */ = {
			isa = PBXShellScriptBuildPhase;
			buildActionMask = 2147483647;
			files = (
			);
			inputFileListPaths = (
			);
			inputPaths = (
				"${PODS_PODFILE_DIR_PATH}/Podfile.lock",
				"${PODS_ROOT}/Manifest.lock",
			);
			name = "[CP] Check Pods Manifest.lock";
			outputFileListPaths = (
			);
			outputPaths = (
				"$(DERIVED_FILE_DIR)/Pods-Manbo-checkManifestLockResult.txt",
			);
			runOnlyForDeploymentPostprocessing = 0;
			shellPath = /bin/sh;
			shellScript = "diff \"${PODS_PODFILE_DIR_PATH}/Podfile.lock\" \"${PODS_ROOT}/Manifest.lock\" > /dev/null\nif [ $? != 0 ] ; then\n    # print error to STDERR\n    echo \"error: The sandbox is not in sync with the Podfile.lock. Run 'pod install' or update your CocoaPods installation.\" >&2\n    exit 1\nfi\n# This output is used by Xcode 'outputs' to avoid re-running this script phase.\necho \"SUCCESS\" > \"${SCRIPT_OUTPUT_FILE_0}\"\n";
			showEnvVarsInLog = 0;
		};
		E87044997CF5371BCC660D5B /* [CP] Embed Pods Frameworks */ = {
			isa = PBXShellScriptBuildPhase;
			buildActionMask = 2147483647;
			files = (
			);
			inputFileListPaths = (
				"${PODS_ROOT}/Target Support Files/Pods-Manbo/Pods-Manbo-frameworks-${CONFIGURATION}-input-files.xcfilelist",
			);
			name = "[CP] Embed Pods Frameworks";
			outputFileListPaths = (
				"${PODS_ROOT}/Target Support Files/Pods-Manbo/Pods-Manbo-frameworks-${CONFIGURATION}-output-files.xcfilelist",
			);
			runOnlyForDeploymentPostprocessing = 0;
			shellPath = /bin/sh;
			shellScript = "\"${PODS_ROOT}/Target Support Files/Pods-Manbo/Pods-Manbo-frameworks.sh\"\n";
			showEnvVarsInLog = 0;
		};
/* End PBXShellScriptBuildPhase section */

/* Begin PBXSourcesBuildPhase section */
		2780C5AB2744F526004A0BE4 /* Sources */ = {
			isa = PBXSourcesBuildPhase;
			buildActionMask = 2147483647;
			files = (
				278F74892747A2B600794E8D /* TabViewController.swift in Sources */,
				27EC33D62754A60900C60C0F /* SettingTextViewController.swift in Sources */,
				278F748327478D6D00794E8D /* CalendarViewController.swift in Sources */,
				270CAE962753ED70004230A6 /* RealmManagerViewController.swift in Sources */,
				270CAE9927546E37004230A6 /* TabBarViewModel.swift in Sources */,
				27EC33DE2754C0AA00C60C0F /* SetNameViewController.swift in Sources */,
				27DC20B32752AA560098E698 /* HealthKit+Extenstion.swift in Sources */,
				27A66664274EC6D600A63683 /* realmData.swift in Sources */,
				278F74A5274969F400794E8D /* UIViewController+Extension.swift in Sources */,
				27EC33E02754F10D00C60C0F /* UILabel+Extension.swift in Sources */,
				27A66662274EB61C00A63683 /* manboManager.swift in Sources */,
				2719275A274B8A1000F26F8D /* UIButton+Extension.swift in Sources */,
				27EC33E92755451700C60C0F /* ResetTimeViewController.swift in Sources */,
				272567D5275644B9002F11CB /* UIInt+Extension.swift in Sources */,
				27EC33F127557AA500C60C0F /* Notification+Extension.swift in Sources */,
				27DC20AF27524B410098E698 /* Date+Extension.swift in Sources */,
				2707947F275038DD00CE532D /* OpenWeatherAPI.swift in Sources */,
				2780C5B72744F526004A0BE4 /* ViewController.swift in Sources */,
				278F74AC27497B5D00794E8D /* CalendarCollectionViewCell.swift in Sources */,
				275D718C2757AFB800070234 /* Alert+Extension.swift in Sources */,
				27EC33D327548C7B00C60C0F /* SettingBasicTableViewCell.swift in Sources */,
				27C6D67927587A98009A7D4B /* ChatViewController.swift in Sources */,
				272567D227562D77002F11CB /* SelectedTaskCollectionViewCell.swift in Sources */,
				2780C5B32744F526004A0BE4 /* AppDelegate.swift in Sources */,
				278F74A727496CB500794E8D /* UserDefaults+Extension.swift in Sources */,
				27C6D6812758F7F3009A7D4B /* SetNotiPermissionViewController.swift in Sources */,
				27DC20AA275241380098E698 /* DateFormatter+Extension.swift in Sources */,
				23EB989B27940EED006F7BB9 /* AverageStepCountManager.swift in Sources */,
				270D726E27465F05007ADC71 /* UIView+Extension.swift in Sources */,
				27EC33ED2755566600C60C0F /* SetStepGoalViewController.swift in Sources */,
				278832A12746F1AE007616EA /* UIString+Extension.swift in Sources */,
				27A66660274D81AC00A63683 /* DateCalendarViewCell.swift in Sources */,
				2780C5B52744F526004A0BE4 /* SceneDelegate.swift in Sources */,
				270D727027466914007ADC71 /* UIColor+Extension.swift in Sources */,
				272567DD2756CD50002F11CB /* MANBORANG++Bundle.swift in Sources */,
				27EC33E7275544B600C60C0F /* SetNotiViewController.swift in Sources */,
				278F748127478D1600794E8D /* CameraViewController.swift in Sources */,
				278F74A12748FC5700794E8D /* OnboardingViewController.swift in Sources */,
				278F74A32749034400794E8D /* CustomSideMenuNavigationViewController.swift in Sources */,
				278832972746EB04007616EA /* SettingViewController.swift in Sources */,
				278832A32746F1E1007616EA /* LocalizableStrings.swift in Sources */,
			);
			runOnlyForDeploymentPostprocessing = 0;
		};
/* End PBXSourcesBuildPhase section */

/* Begin PBXVariantGroup section */
		2780C5B82744F526004A0BE4 /* Main.storyboard */ = {
			isa = PBXVariantGroup;
			children = (
				2780C5B92744F526004A0BE4 /* Base */,
				2788329E2746F035007616EA /* ko */,
				278832A52746F59B007616EA /* en */,
			);
			name = Main.storyboard;
			sourceTree = "<group>";
		};
		2780C5BD2744F529004A0BE4 /* LaunchScreen.storyboard */ = {
			isa = PBXVariantGroup;
			children = (
				2780C5BE2744F529004A0BE4 /* Base */,
				2788329D2746F035007616EA /* ko */,
			);
			name = LaunchScreen.storyboard;
			sourceTree = "<group>";
		};
		2788329C2746EFDF007616EA /* Localizable.strings */ = {
			isa = PBXVariantGroup;
			children = (
				2788329B2746EFDF007616EA /* en */,
				2788329F2746F035007616EA /* ko */,
			);
			name = Localizable.strings;
			sourceTree = "<group>";
		};
		278F748F2747EA1E00794E8D /* Setting.strings */ = {
			isa = PBXVariantGroup;
			children = (
				278F748E2747EA1E00794E8D /* en */,
				278F74902747EA1F00794E8D /* ko */,
			);
			name = Setting.strings;
			sourceTree = "<group>";
		};
		278F74972747EFBA00794E8D /* InfoPlist.strings */ = {
			isa = PBXVariantGroup;
			children = (
				278F74962747EFBA00794E8D /* en */,
				278F74982747EFBC00794E8D /* ko */,
			);
			name = InfoPlist.strings;
			sourceTree = "<group>";
		};
/* End PBXVariantGroup section */

/* Begin XCBuildConfiguration section */
		2780C5C12744F529004A0BE4 /* Debug */ = {
			isa = XCBuildConfiguration;
			buildSettings = {
				ALWAYS_SEARCH_USER_PATHS = NO;
				CLANG_ANALYZER_LOCALIZABILITY_NONLOCALIZED = YES;
				CLANG_ANALYZER_NONNULL = YES;
				CLANG_ANALYZER_NUMBER_OBJECT_CONVERSION = YES_AGGRESSIVE;
				CLANG_CXX_LANGUAGE_STANDARD = "gnu++17";
				CLANG_CXX_LIBRARY = "libc++";
				CLANG_ENABLE_MODULES = YES;
				CLANG_ENABLE_OBJC_ARC = YES;
				CLANG_ENABLE_OBJC_WEAK = YES;
				CLANG_WARN_BLOCK_CAPTURE_AUTORELEASING = YES;
				CLANG_WARN_BOOL_CONVERSION = YES;
				CLANG_WARN_COMMA = YES;
				CLANG_WARN_CONSTANT_CONVERSION = YES;
				CLANG_WARN_DEPRECATED_OBJC_IMPLEMENTATIONS = YES;
				CLANG_WARN_DIRECT_OBJC_ISA_USAGE = YES_ERROR;
				CLANG_WARN_DOCUMENTATION_COMMENTS = YES;
				CLANG_WARN_EMPTY_BODY = YES;
				CLANG_WARN_ENUM_CONVERSION = YES;
				CLANG_WARN_INFINITE_RECURSION = YES;
				CLANG_WARN_INT_CONVERSION = YES;
				CLANG_WARN_NON_LITERAL_NULL_CONVERSION = YES;
				CLANG_WARN_OBJC_IMPLICIT_RETAIN_SELF = YES;
				CLANG_WARN_OBJC_LITERAL_CONVERSION = YES;
				CLANG_WARN_OBJC_ROOT_CLASS = YES_ERROR;
				CLANG_WARN_QUOTED_INCLUDE_IN_FRAMEWORK_HEADER = YES;
				CLANG_WARN_RANGE_LOOP_ANALYSIS = YES;
				CLANG_WARN_STRICT_PROTOTYPES = YES;
				CLANG_WARN_SUSPICIOUS_MOVE = YES;
				CLANG_WARN_UNGUARDED_AVAILABILITY = YES_AGGRESSIVE;
				CLANG_WARN_UNREACHABLE_CODE = YES;
				CLANG_WARN__DUPLICATE_METHOD_MATCH = YES;
				COPY_PHASE_STRIP = NO;
				DEBUG_INFORMATION_FORMAT = dwarf;
				ENABLE_STRICT_OBJC_MSGSEND = YES;
				ENABLE_TESTABILITY = YES;
				GCC_C_LANGUAGE_STANDARD = gnu11;
				GCC_DYNAMIC_NO_PIC = NO;
				GCC_NO_COMMON_BLOCKS = YES;
				GCC_OPTIMIZATION_LEVEL = 0;
				GCC_PREPROCESSOR_DEFINITIONS = (
					"DEBUG=1",
					"$(inherited)",
				);
				GCC_WARN_64_TO_32_BIT_CONVERSION = YES;
				GCC_WARN_ABOUT_RETURN_TYPE = YES_ERROR;
				GCC_WARN_UNDECLARED_SELECTOR = YES;
				GCC_WARN_UNINITIALIZED_AUTOS = YES_AGGRESSIVE;
				GCC_WARN_UNUSED_FUNCTION = YES;
				GCC_WARN_UNUSED_VARIABLE = YES;
				IPHONEOS_DEPLOYMENT_TARGET = 15.0;
				MTL_ENABLE_DEBUG_INFO = INCLUDE_SOURCE;
				MTL_FAST_MATH = YES;
				ONLY_ACTIVE_ARCH = YES;
				OTHER_LDFLAGS = (
					"-Wl,-rpath,/usr/lib/swift",
					"-Wl,-weak-lswift_Concurrency",
				);
				SDKROOT = iphoneos;
				SWIFT_ACTIVE_COMPILATION_CONDITIONS = DEBUG;
				SWIFT_OPTIMIZATION_LEVEL = "-Onone";
			};
			name = Debug;
		};
		2780C5C22744F529004A0BE4 /* Release */ = {
			isa = XCBuildConfiguration;
			buildSettings = {
				ALWAYS_SEARCH_USER_PATHS = NO;
				CLANG_ANALYZER_LOCALIZABILITY_NONLOCALIZED = YES;
				CLANG_ANALYZER_NONNULL = YES;
				CLANG_ANALYZER_NUMBER_OBJECT_CONVERSION = YES_AGGRESSIVE;
				CLANG_CXX_LANGUAGE_STANDARD = "gnu++17";
				CLANG_CXX_LIBRARY = "libc++";
				CLANG_ENABLE_MODULES = YES;
				CLANG_ENABLE_OBJC_ARC = YES;
				CLANG_ENABLE_OBJC_WEAK = YES;
				CLANG_WARN_BLOCK_CAPTURE_AUTORELEASING = YES;
				CLANG_WARN_BOOL_CONVERSION = YES;
				CLANG_WARN_COMMA = YES;
				CLANG_WARN_CONSTANT_CONVERSION = YES;
				CLANG_WARN_DEPRECATED_OBJC_IMPLEMENTATIONS = YES;
				CLANG_WARN_DIRECT_OBJC_ISA_USAGE = YES_ERROR;
				CLANG_WARN_DOCUMENTATION_COMMENTS = YES;
				CLANG_WARN_EMPTY_BODY = YES;
				CLANG_WARN_ENUM_CONVERSION = YES;
				CLANG_WARN_INFINITE_RECURSION = YES;
				CLANG_WARN_INT_CONVERSION = YES;
				CLANG_WARN_NON_LITERAL_NULL_CONVERSION = YES;
				CLANG_WARN_OBJC_IMPLICIT_RETAIN_SELF = YES;
				CLANG_WARN_OBJC_LITERAL_CONVERSION = YES;
				CLANG_WARN_OBJC_ROOT_CLASS = YES_ERROR;
				CLANG_WARN_QUOTED_INCLUDE_IN_FRAMEWORK_HEADER = YES;
				CLANG_WARN_RANGE_LOOP_ANALYSIS = YES;
				CLANG_WARN_STRICT_PROTOTYPES = YES;
				CLANG_WARN_SUSPICIOUS_MOVE = YES;
				CLANG_WARN_UNGUARDED_AVAILABILITY = YES_AGGRESSIVE;
				CLANG_WARN_UNREACHABLE_CODE = YES;
				CLANG_WARN__DUPLICATE_METHOD_MATCH = YES;
				COPY_PHASE_STRIP = NO;
				DEBUG_INFORMATION_FORMAT = "dwarf-with-dsym";
				ENABLE_NS_ASSERTIONS = NO;
				ENABLE_STRICT_OBJC_MSGSEND = YES;
				GCC_C_LANGUAGE_STANDARD = gnu11;
				GCC_NO_COMMON_BLOCKS = YES;
				GCC_WARN_64_TO_32_BIT_CONVERSION = YES;
				GCC_WARN_ABOUT_RETURN_TYPE = YES_ERROR;
				GCC_WARN_UNDECLARED_SELECTOR = YES;
				GCC_WARN_UNINITIALIZED_AUTOS = YES_AGGRESSIVE;
				GCC_WARN_UNUSED_FUNCTION = YES;
				GCC_WARN_UNUSED_VARIABLE = YES;
				IPHONEOS_DEPLOYMENT_TARGET = 15.0;
				MTL_ENABLE_DEBUG_INFO = NO;
				MTL_FAST_MATH = YES;
				OTHER_LDFLAGS = (
					"-Wl,-rpath,/usr/lib/swift",
					"-Wl,-weak-lswift_Concurrency",
				);
				SDKROOT = iphoneos;
				SWIFT_COMPILATION_MODE = wholemodule;
				SWIFT_OPTIMIZATION_LEVEL = "-O";
				VALIDATE_PRODUCT = YES;
			};
			name = Release;
		};
		2780C5C42744F529004A0BE4 /* Debug */ = {
			isa = XCBuildConfiguration;
			baseConfigurationReference = CB37EBF10D312A68E856D524 /* Pods-Manbo.debug.xcconfig */;
			buildSettings = {
				ASSETCATALOG_COMPILER_APPICON_NAME = AppIcon;
				ASSETCATALOG_COMPILER_GLOBAL_ACCENT_COLOR_NAME = AccentColor;
				CODE_SIGN_ENTITLEMENTS = Manbo/Manbo.entitlements;
				CODE_SIGN_STYLE = Automatic;
				CURRENT_PROJECT_VERSION = 1;
				DEBUG_INFORMATION_FORMAT = "dwarf-with-dsym";
				DEVELOPMENT_TEAM = 877MN2RY22;
				GENERATE_INFOPLIST_FILE = YES;
				INFOPLIST_FILE = Manbo/Info.plist;
				INFOPLIST_KEY_CFBundleDisplayName = "만보랑";
				INFOPLIST_KEY_LSSupportsOpeningDocumentsInPlace = YES;
				INFOPLIST_KEY_NSHealthShareUsageDescription = "지난 30일 간의 걸음 수를 가져와 목표 달성률에 따른 만보의 이미지를 표시하고, 현재의 걸음 수를  표시하기 위해서 건강 앱의 '걸음'에 대한 접근 권한이 필요합니다. 만보랑은 여러분의 개인 정보를 수집하지 않습니다.";
				INFOPLIST_KEY_NSHealthUpdateUsageDescription = "지난 30일 간의 걸음 수를 가져와 목표 달성률에 따른 만보의 이미지를 표시하고, 현재의 걸음 수를  표시하기 위해서 건강 앱의 '걸음'에 대한 접근 권한이 필요합니다. 만보랑은 여러분의 개인 정보를 수집하지 않습니다.";
				INFOPLIST_KEY_NSLocationAlwaysAndWhenInUseUsageDescription = "날씨 정보를 얻기 위해서는 사용자의 위치 정보에 대한 접근 권한이 필요합니다. 허용하지 않으면 '서울시청'을 기준으로 표시됩니다.";
				INFOPLIST_KEY_NSLocationAlwaysUsageDescription = "날씨 정보를 얻기 위해서는 사용자의 위치 정보에 대한 접근 권한이 필요합니다. 허용하지 않으면 '서울시청'을 기준으로 표시됩니다.";
				INFOPLIST_KEY_NSLocationWhenInUseUsageDescription = "날씨 정보를 얻기 위해서는 사용자의 위치 정보에 대한 접근 권한이 필요합니다. 허용하지 않으면 '서울시청'을 기준으로 표시됩니다.";
				INFOPLIST_KEY_UIApplicationSupportsIndirectInputEvents = YES;
				INFOPLIST_KEY_UILaunchStoryboardName = LaunchScreen;
				INFOPLIST_KEY_UIMainStoryboardFile = Onboarding;
				INFOPLIST_KEY_UISupportedInterfaceOrientations = UIInterfaceOrientationPortrait;
				INFOPLIST_KEY_UISupportedInterfaceOrientations_iPad = "";
				INFOPLIST_KEY_UISupportedInterfaceOrientations_iPhone = UIInterfaceOrientationPortrait;
				IPHONEOS_DEPLOYMENT_TARGET = 14.0;
				LD_RUNPATH_SEARCH_PATHS = (
					"$(inherited)",
					"@executable_path/Frameworks",
				);
				MARKETING_VERSION = 1.1.0;
				OTHER_LDFLAGS = (
					"$(inherited)",
					"-ObjC",
					"-l\"c++\"",
					"-l\"sqlite3\"",
					"-l\"z\"",
					"-framework",
					"\"CoreTelephony\"",
					"-framework",
					"\"FBLPromises\"",
					"-framework",
					"\"FirebaseAnalytics\"",
					"-framework",
					"\"FirebaseCore\"",
					"-framework",
					"\"FirebaseCoreDiagnostics\"",
					"-framework",
					"\"FirebaseCrashlytics\"",
					"-framework",
					"\"FirebaseInstallations\"",
					"-framework",
					"\"FirebaseMessaging\"",
					"-framework",
					"\"Foundation\"",
					"-framework",
					"\"GoogleAppMeasurement\"",
					"-framework",
					"\"GoogleAppMeasurementIdentitySupport\"",
					"-framework",
					"\"GoogleDataTransport\"",
					"-framework",
					"\"GoogleUtilities\"",
					"-framework",
					"\"MarqueeLabel\"",
					"-framework",
					"\"NotificationBannerSwift\"",
					"-framework",
					"\"QuartzCore\"",
					"-framework",
					"\"Security\"",
					"-framework",
					"\"SnapKit\"",
					"-framework",
					"\"StoreKit\"",
					"-framework",
					"\"SwiftyJSON\"",
					"-framework",
					"\"SystemConfiguration\"",
					"-framework",
					"\"UIKit\"",
					"-framework",
					"\"nanopb\"",
					"-weak_framework",
					"\"UserNotifications\"",
				);
				PRODUCT_BUNDLE_IDENTIFIER = com.yoogail105.Manbo;
				PRODUCT_NAME = "$(TARGET_NAME)";
				SWIFT_EMIT_LOC_STRINGS = YES;
				SWIFT_VERSION = 5.0;
				TARGETED_DEVICE_FAMILY = 1;
			};
			name = Debug;
		};
		2780C5C52744F529004A0BE4 /* Release */ = {
			isa = XCBuildConfiguration;
			baseConfigurationReference = 63989511DEC89B81D70DF8EB /* Pods-Manbo.release.xcconfig */;
			buildSettings = {
				ASSETCATALOG_COMPILER_APPICON_NAME = AppIcon;
				ASSETCATALOG_COMPILER_GLOBAL_ACCENT_COLOR_NAME = AccentColor;
				CODE_SIGN_ENTITLEMENTS = Manbo/ManboRelease.entitlements;
				CODE_SIGN_STYLE = Automatic;
				CURRENT_PROJECT_VERSION = 1;
				DEVELOPMENT_TEAM = 877MN2RY22;
				GENERATE_INFOPLIST_FILE = YES;
				INFOPLIST_FILE = Manbo/Info.plist;
				INFOPLIST_KEY_CFBundleDisplayName = "만보랑";
				INFOPLIST_KEY_LSSupportsOpeningDocumentsInPlace = YES;
				INFOPLIST_KEY_NSHealthShareUsageDescription = "지난 30일 간의 걸음 수를 가져와 목표 달성률에 따른 만보의 이미지를 표시하고, 현재의 걸음 수를  표시하기 위해서 건강 앱의 '걸음'에 대한 접근 권한이 필요합니다. 만보랑은 여러분의 개인 정보를 수집하지 않습니다.";
				INFOPLIST_KEY_NSHealthUpdateUsageDescription = "지난 30일 간의 걸음 수를 가져와 목표 달성률에 따른 만보의 이미지를 표시하고, 현재의 걸음 수를  표시하기 위해서 건강 앱의 '걸음'에 대한 접근 권한이 필요합니다. 만보랑은 여러분의 개인 정보를 수집하지 않습니다.";
				INFOPLIST_KEY_NSLocationAlwaysAndWhenInUseUsageDescription = "날씨 정보를 얻기 위해서는 사용자의 위치 정보에 대한 접근 권한이 필요합니다. 허용하지 않으면 '서울시청'을 기준으로 표시됩니다.";
				INFOPLIST_KEY_NSLocationAlwaysUsageDescription = "날씨 정보를 얻기 위해서는 사용자의 위치 정보에 대한 접근 권한이 필요합니다. 허용하지 않으면 '서울시청'을 기준으로 표시됩니다.";
				INFOPLIST_KEY_NSLocationWhenInUseUsageDescription = "날씨 정보를 얻기 위해서는 사용자의 위치 정보에 대한 접근 권한이 필요합니다. 허용하지 않으면 '서울시청'을 기준으로 표시됩니다.";
				INFOPLIST_KEY_UIApplicationSupportsIndirectInputEvents = YES;
				INFOPLIST_KEY_UILaunchStoryboardName = LaunchScreen;
				INFOPLIST_KEY_UIMainStoryboardFile = Onboarding;
				INFOPLIST_KEY_UISupportedInterfaceOrientations = UIInterfaceOrientationPortrait;
				INFOPLIST_KEY_UISupportedInterfaceOrientations_iPad = "";
				INFOPLIST_KEY_UISupportedInterfaceOrientations_iPhone = UIInterfaceOrientationPortrait;
				IPHONEOS_DEPLOYMENT_TARGET = 14.0;
				LD_RUNPATH_SEARCH_PATHS = (
					"$(inherited)",
					"@executable_path/Frameworks",
				);
				MARKETING_VERSION = 1.1.0;
				OTHER_LDFLAGS = (
					"$(inherited)",
					"-ObjC",
					"-l\"c++\"",
					"-l\"sqlite3\"",
					"-l\"z\"",
					"-framework",
					"\"CoreTelephony\"",
					"-framework",
					"\"FBLPromises\"",
					"-framework",
					"\"FirebaseAnalytics\"",
					"-framework",
					"\"FirebaseCore\"",
					"-framework",
					"\"FirebaseCoreDiagnostics\"",
					"-framework",
					"\"FirebaseCrashlytics\"",
					"-framework",
					"\"FirebaseInstallations\"",
					"-framework",
					"\"FirebaseMessaging\"",
					"-framework",
					"\"Foundation\"",
					"-framework",
					"\"GoogleAppMeasurement\"",
					"-framework",
					"\"GoogleAppMeasurementIdentitySupport\"",
					"-framework",
					"\"GoogleDataTransport\"",
					"-framework",
					"\"GoogleUtilities\"",
					"-framework",
					"\"MarqueeLabel\"",
					"-framework",
					"\"NotificationBannerSwift\"",
					"-framework",
					"\"QuartzCore\"",
					"-framework",
					"\"Security\"",
					"-framework",
					"\"SnapKit\"",
					"-framework",
					"\"StoreKit\"",
					"-framework",
					"\"SwiftyJSON\"",
					"-framework",
					"\"SystemConfiguration\"",
					"-framework",
					"\"UIKit\"",
					"-framework",
					"\"nanopb\"",
					"-weak_framework",
					"\"UserNotifications\"",
				);
				PRODUCT_BUNDLE_IDENTIFIER = com.yoogail105.Manbo;
				PRODUCT_NAME = "$(TARGET_NAME)";
				SWIFT_EMIT_LOC_STRINGS = YES;
				SWIFT_VERSION = 5.0;
				TARGETED_DEVICE_FAMILY = 1;
			};
			name = Release;
		};
/* End XCBuildConfiguration section */

/* Begin XCConfigurationList section */
		2780C5AA2744F526004A0BE4 /* Build configuration list for PBXProject "Manbo" */ = {
			isa = XCConfigurationList;
			buildConfigurations = (
				2780C5C12744F529004A0BE4 /* Debug */,
				2780C5C22744F529004A0BE4 /* Release */,
			);
			defaultConfigurationIsVisible = 0;
			defaultConfigurationName = Release;
		};
		2780C5C32744F529004A0BE4 /* Build configuration list for PBXNativeTarget "Manbo" */ = {
			isa = XCConfigurationList;
			buildConfigurations = (
				2780C5C42744F529004A0BE4 /* Debug */,
				2780C5C52744F529004A0BE4 /* Release */,
			);
			defaultConfigurationIsVisible = 0;
			defaultConfigurationName = Release;
		};
/* End XCConfigurationList section */

/* Begin XCRemoteSwiftPackageReference section */
		23181F6727757D5C00EFC1E4 /* XCRemoteSwiftPackageReference "realm-swift" */ = {
			isa = XCRemoteSwiftPackageReference;
			repositoryURL = "https://github.com/realm/realm-swift.git";
			requirement = {
				kind = exactVersion;
				version = 10.20.2;
			};
		};
		23439AE427BA464F00F79318 /* XCRemoteSwiftPackageReference "Zip" */ = {
			isa = XCRemoteSwiftPackageReference;
			repositoryURL = "https://github.com/marmelroy/Zip";
			requirement = {
				kind = upToNextMajorVersion;
				minimumVersion = 2.0.0;
			};
		};
		2707947827501D5D00CE532D /* XCRemoteSwiftPackageReference "Alamofire" */ = {
			isa = XCRemoteSwiftPackageReference;
			repositoryURL = "https://github.com/Alamofire/Alamofire.git";
			requirement = {
				kind = upToNextMajorVersion;
				minimumVersion = 5.0.0;
			};
		};
		27192754274AF09D00F26F8D /* XCRemoteSwiftPackageReference "IQKeyboardManager" */ = {
			isa = XCRemoteSwiftPackageReference;
			repositoryURL = "https://github.com/hackiftekhar/IQKeyboardManager.git";
			requirement = {
				kind = upToNextMajorVersion;
				minimumVersion = 6.0.0;
			};
		};
		278F749B2748FC1900794E8D /* XCRemoteSwiftPackageReference "SideMenu" */ = {
			isa = XCRemoteSwiftPackageReference;
			repositoryURL = "https://github.com/jonkykong/SideMenu.git";
			requirement = {
				kind = upToNextMajorVersion;
				minimumVersion = 6.0.0;
			};
		};
		27A6665B274D762200A63683 /* XCRemoteSwiftPackageReference "JTAppleCalendar" */ = {
			isa = XCRemoteSwiftPackageReference;
			repositoryURL = "https://github.com/patchthecode/JTAppleCalendar.git";
			requirement = {
				kind = upToNextMajorVersion;
				minimumVersion = 8.0.0;
			};
		};
/* End XCRemoteSwiftPackageReference section */

/* Begin XCSwiftPackageProductDependency section */
		23181F6827757D5C00EFC1E4 /* Realm */ = {
			isa = XCSwiftPackageProductDependency;
			package = 23181F6727757D5C00EFC1E4 /* XCRemoteSwiftPackageReference "realm-swift" */;
			productName = Realm;
		};
		23181F6A27757D5C00EFC1E4 /* RealmSwift */ = {
			isa = XCSwiftPackageProductDependency;
			package = 23181F6727757D5C00EFC1E4 /* XCRemoteSwiftPackageReference "realm-swift" */;
			productName = RealmSwift;
		};
		23439AE527BA464F00F79318 /* Zip */ = {
			isa = XCSwiftPackageProductDependency;
			package = 23439AE427BA464F00F79318 /* XCRemoteSwiftPackageReference "Zip" */;
			productName = Zip;
		};
		2707947927501D5D00CE532D /* Alamofire */ = {
			isa = XCSwiftPackageProductDependency;
			package = 2707947827501D5D00CE532D /* XCRemoteSwiftPackageReference "Alamofire" */;
			productName = Alamofire;
		};
		27192755274AF09D00F26F8D /* IQKeyboardManagerSwift */ = {
			isa = XCSwiftPackageProductDependency;
			package = 27192754274AF09D00F26F8D /* XCRemoteSwiftPackageReference "IQKeyboardManager" */;
			productName = IQKeyboardManagerSwift;
		};
		278F749C2748FC1900794E8D /* SideMenu */ = {
			isa = XCSwiftPackageProductDependency;
			package = 278F749B2748FC1900794E8D /* XCRemoteSwiftPackageReference "SideMenu" */;
			productName = SideMenu;
		};
		27A6665C274D762200A63683 /* JTAppleCalendar */ = {
			isa = XCSwiftPackageProductDependency;
			package = 27A6665B274D762200A63683 /* XCRemoteSwiftPackageReference "JTAppleCalendar" */;
			productName = JTAppleCalendar;
		};
/* End XCSwiftPackageProductDependency section */
	};
	rootObject = 2780C5A72744F526004A0BE4 /* Project object */;
}
