{
  "object": {
    "pins": [
      {
        "package": "IQKeyboardManagerSwift",
        "repositoryURL": "https://github.com/hackiftekhar/IQKeyboardManager.git",
        "state": {
          "branch": null,
          "revision": "474f849accae40fe61b5302d9b057dd48ee073ba",
          "version": "6.5.9"
        }
      },
      {
        "package": "SideMenu",
        "repositoryURL": "https://github.com/jonkykong/SideMenu.git",
        "state": {
          "branch": null,
          "revision": "8bd4fd128923cf5494fa726839af8afe12908ad9",
          "version": "6.5.0"
        }
      }
    ]
  },
  "version": 1
}
